
Microsoft Visual Studio Solution File, Format Version 12.00
# Visual Studio Version 17
VisualStudioVersion = 17.3.32825.248
MinimumVisualStudioVersion = 10.0.40219.1
Project("{FAE04EC0-301F-11D3-BF4B-00C04F79EFBC}") = "Kovalenko_Group_Course_projec", "Kovalenko_Group_Course_projec\Kovalenko_Group_Course_projec.csproj", "{76F2BC82-7A00-4DDC-8C03-D506276258FF}"
EndProject
Global
	GlobalSection(SolutionConfigurationPlatforms) = preSolution
		Debug|Any CPU = Debug|Any CPU
		Release|Any CPU = Release|Any CPU
	EndGlobalSection
	GlobalSection(ProjectConfigurationPlatforms) = postSolution
		{76F2BC82-7A00-4DDC-8C03-D506276258FF}.Debug|Any CPU.ActiveCfg = Debug|Any CPU
		{76F2BC82-7A00-4DDC-8C03-D506276258FF}.Debug|Any CPU.Build.0 = Debug|Any CPU
		{76F2BC82-7A00-4DDC-8C03-D506276258FF}.Release|Any CPU.ActiveCfg = Release|Any CPU
		{76F2BC82-7A00-4DDC-8C03-D506276258FF}.Release|Any CPU.Build.0 = Release|Any CPU
	EndGlobalSection
	GlobalSection(SolutionProperties) = preSolution
		HideSolutionNode = FALSE
	EndGlobalSection
	GlobalSection(ExtensibilityGlobals) = postSolution
		SolutionGuid = {431E343D-B6BE-4068-9916-DE34EF2C9A24}
	EndGlobalSection
EndGlobal
